# This file is autogenerated, do not edit; changes may be undone by the next 'dep ensure'.


[[projects]]
  name = "github.com/davecgh/go-spew"
  packages = ["spew"]
  revision = "346938d642f2ec3594ed81d874461961cd0faa76"
  version = "v1.1.0"

[[projects]]
  branch = "master"
  name = "github.com/ericlagergren/decimal"
  packages = [
    ".",
    "internal/arith",
    "internal/arith/checked",
    "internal/c",
    "math",
    "misc"
  ]
  revision = "ec32c5de8e6e882554fff15b1106f5e3d2a3baf6"

[[projects]]
  name = "github.com/pmezard/go-difflib"
  packages = ["difflib"]
  revision = "792786c7400a136282c1664665ae0a8db921c6c2"
  version = "v1.0.0"

[[projects]]
  name = "github.com/stretchr/testify"
  packages = [
    "assert",
    "require"
  ]
  revision = "87b1dfb5b2fa649f52695dd9eae19abe404a4308"

[solve-meta]
  analyzer-name = "dep"
  analyzer-version = 1
  inputs-digest = "891c324fa0d2f8065eeeade1ba2678e2dc298af1407fbd565a9006ffee750cc8"
  solver-name = "gps-cdcl"
  solver-version = 1
